<?xml version="1.0" encoding="utf-8"?>
<Project ToolsVersion="4.0" xmlns="http://schemas.microsoft.com/developer/msbuild/2003">
  <ItemGroup>
    <Filter Include="Source Files">
      <UniqueIdentifier>{4FC737F1-C7A5-4376-A066-2A32D752A2FF}</UniqueIdentifier>
      <Extensions>cpp;c;cc;cxx;c++;cppm;ixx;def;odl;idl;hpj;bat;asm;asmx</Extensions>
    </Filter>
    <Filter Include="Header Files">
      <UniqueIdentifier>{93995380-89BD-4b04-88EB-625FBE52EBFB}</UniqueIdentifier>
      <Extensions>h;hh;hpp;hxx;h++;hm;inl;inc;ipp;xsd</Extensions>
    </Filter>
    <Filter Include="Resource Files">
      <UniqueIdentifier>{67DA6AB6-F800-4c08-8B7A-83BB121AAD01}</UniqueIdentifier>
      <Extensions>rc;ico;cur;bmp;dlg;rc2;rct;bin;rgs;gif;jpg;jpeg;jpe;resx;tiff;tif;png;wav;mfcribbon-ms</Extensions>
    </Filter>
    <Filter Include="Source Files\Formats">
      <UniqueIdentifier>{a98a76c9-3e38-4902-a719-3bc403194bfa}</UniqueIdentifier>
    </Filter>
    <Filter Include="Header Files\Formats">
      <UniqueIdentifier>{a6057578-cdde-42bf-a865-0f863d7796df}</UniqueIdentifier>
    </Filter>
    <Filter Include="Header Files\Types">
      <UniqueIdentifier>{3cbd2d61-109f-4892-b85e-6d2bf6a7db92}</UniqueIdentifier>
    </Filter>
    <Filter Include="Header Files\Classes">
      <UniqueIdentifier>{ab35fe9a-93bd-484b-87ca-21f4de8d6bdb}</UniqueIdentifier>
    </Filter>
  </ItemGroup>
  <ItemGroup>
    <ClInclude Include="stdafx.h">
      <Filter>Header Files</Filter>
    </ClInclude>
    <ClInclude Include="Formats\Format_SI.h">
      <Filter>Header Files</Filter>
    </ClInclude>
    <ClInclude Include="Formats\Format_WDB.h">
      <Filter>Header Files</Filter>
    </ClInclude>
    <ClInclude Include="Classes\ClassList.h">
      <Filter>Header Files</Filter>
    </ClInclude>
    <ClInclude Include="Classes\LegoActorPresenter.h">
      <Filter>Header Files</Filter>
    </ClInclude>
    <ClInclude Include="Classes\LegoAnimPresenter.h">
      <Filter>Header Files</Filter>
    </ClInclude>
    <ClInclude Include="Classes\LegoEntityPresenter.h">
      <Filter>Header Files</Filter>
    </ClInclude>
    <ClInclude Include="Classes\LegoModelPresenter.h">
      <Filter>Header Files</Filter>
    </ClInclude>
    <ClInclude Include="Classes\LegoPathPresenter.h">
      <Filter>Header Files</Filter>
    </ClInclude>
    <ClInclude Include="Classes\LegoWorldPresenter.h">
      <Filter>Header Files</Filter>
    </ClInclude>
    <ClInclude Include="Classes\MxSerializable.h">
      <Filter>Header Files</Filter>
    </ClInclude>
    <ClInclude Include="Types\OmniTypes.h">
      <Filter>Header Files</Filter>
    </ClInclude>
    <ClInclude Include="Classes\LegoTexturePresenter.h">
      <Filter>Header Files</Filter>
    </ClInclude>
    <ClInclude Include="Classes\LegoLoopingAnimPresenter.h">
      <Filter>Header Files</Filter>
    </ClInclude>
    <ClInclude Include="Classes\LegoAnimMMPresenter.h">
      <Filter>Header Files</Filter>
    </ClInclude>
    <ClInclude Include="Classes\MxCompositeMediaPresenter.h">
      <Filter>Header Files</Filter>
    </ClInclude>
    <ClInclude Include="Classes\Lego3DWavePresenter.h">
      <Filter>Header Files</Filter>
    </ClInclude>
    <ClInclude Include="Classes\MxControlPresenter.h">
      <Filter>Header Files</Filter>
    </ClInclude>
    <ClInclude Include="Classes\LegoPhonemePresenter.h">
      <Filter>Header Files</Filter>
    </ClInclude>
    <ClInclude Include="Classes\LegoMeterPresenter.h">
      <Filter>Header Files</Filter>
    </ClInclude>
    <ClInclude Include="Classes\LegoActionControlPresenter.h">
      <Filter>Header Files</Filter>
    </ClInclude>
    <ClInclude Include="Classes\LegoLocomotionAnimPresenter.h">
      <Filter>Header Files</Filter>
    </ClInclude>
    <ClInclude Include="Classes\LegoLoadCacheSoundPresenter.h">
      <Filter>Header Files</Filter>
    </ClInclude>
    <ClInclude Include="Utils\FileStreamUtils.h">
      <Filter>Header Files</Filter>
    </ClInclude>
    <ClInclude Include="ThirdParty\tinyxml2\tinyxml2.h">
      <Filter>Header Files</Filter>
    </ClInclude>
  </ItemGroup>
  <ItemGroup>
    <ClCompile Include="IslandTool.cpp">
      <Filter>Source Files</Filter>
    </ClCompile>
    <ClCompile Include="Formats\Format_SI.cpp">
      <Filter>Source Files</Filter>
    </ClCompile>
    <ClCompile Include="Classes\ClassList.cpp">
      <Filter>Source Files</Filter>
    </ClCompile>
    <ClCompile Include="Utils\FileStreamUtils.cpp">
      <Filter>Source Files</Filter>
    </ClCompile>
    <ClCompile Include="ThirdParty\tinyxml2\tinyxml2.cpp">
      <Filter>Source Files</Filter>
    </ClCompile>
  </ItemGroup>
</Project>